
Microsoft Visual Studio Solution File, Format Version 12.00
# Visual Studio Version 17
VisualStudioVersion = 17.5.2.0
MinimumVisualStudioVersion = 10.0.40219.1
Project("{2150E333-8FDC-42A3-9474-1A3956D46DE8}") = "creational-patterns", "creational-patterns", "{E5E4D9DF-0D01-6AF5-4E15-DDB8A6827B28}"
EndProject
Project("{2150E333-8FDC-42A3-9474-1A3956D46DE8}") = "factory-method", "factory-method", "{977633D4-A1D5-87AC-4F5E-04215F2D0241}"
EndProject
Project("{FAE04EC0-301F-11D3-BF4B-00C04F79EFBC}") = "devgalop.learn.factory_method", "creational-patterns\factory-method\devgalop.learn.factory_method\devgalop.learn.factory_method.csproj", "{D3875BEC-1BA9-4373-02A1-ADCF8336C391}"
EndProject
Project("{2150E333-8FDC-42A3-9474-1A3956D46DE8}") = "abstract-factory", "abstract-factory", "{83ED83A7-C6E8-462E-8917-915B7D09C1B1}"
EndProject
Project("{FAE04EC0-301F-11D3-BF4B-00C04F79EFBC}") = "devgalop.learn.abstract_factory", "creational-patterns\abstract-factory\devgalop.learn.abstract_factory\devgalop.learn.abstract_factory.csproj", "{4E5F8559-3E3D-4194-AE94-46BE2A19909E}"
EndProject
Project("{2150E333-8FDC-42A3-9474-1A3956D46DE8}") = "builder", "builder", "{B9331917-BD4A-4B36-A423-E59F8A2B3024}"
EndProject
Project("{FAE04EC0-301F-11D3-BF4B-00C04F79EFBC}") = "devgalop.learn.builder", "creational-patterns\builder\devgalop.learn.builder\devgalop.learn.builder.csproj", "{771524B7-8937-4568-852D-BF3508E77DD4}"
EndProject
Project("{2150E333-8FDC-42A3-9474-1A3956D46DE8}") = "prototype", "prototype", "{EFE0943A-49B5-4BA1-B10D-CA4065383102}"
EndProject
Project("{FAE04EC0-301F-11D3-BF4B-00C04F79EFBC}") = "devgalop.learn.prototype", "creational-patterns\prototype\devgalop.learn.prototype\devgalop.learn.prototype.csproj", "{013337CD-B688-42D3-B1A3-8BA7843EAB64}"
EndProject
Project("{2150E333-8FDC-42A3-9474-1A3956D46DE8}") = "singleton", "singleton", "{EE9D30CD-250E-4461-921C-18FC0518655E}"
EndProject
Project("{FAE04EC0-301F-11D3-BF4B-00C04F79EFBC}") = "devgalop.learn.singleton", "creational-patterns\singleton\devgalop.learn.singleton\devgalop.learn.singleton.csproj", "{B200BDBC-C2F8-4B72-8675-B6B2416DC876}"
EndProject
Project("{2150E333-8FDC-42A3-9474-1A3956D46DE8}") = "structural-patterns", "structural-patterns", "{5767C41E-96DA-89DA-C36E-EBA2D0756C57}"
EndProject
Project("{2150E333-8FDC-42A3-9474-1A3956D46DE8}") = "adapter", "adapter", "{4D4019AB-B8AE-9330-A857-1757285D1838}"
EndProject
Project("{FAE04EC0-301F-11D3-BF4B-00C04F79EFBC}") = "devgalop.learn.adapter", "structural-patterns\adapter\devgalop.learn.adapter\devgalop.learn.adapter.csproj", "{BA0DCA42-076C-4B3D-87AD-8D905A121D55}"
EndProject
Project("{2150E333-8FDC-42A3-9474-1A3956D46DE8}") = "bridge", "bridge", "{B94D0A3D-2423-699C-DFDD-FC344948394E}"
EndProject
Project("{FAE04EC0-301F-11D3-BF4B-00C04F79EFBC}") = "devgalop.learn.bridge", "structural-patterns\bridge\devgalop.learn.bridge\devgalop.learn.bridge.csproj", "{F0973284-2379-45F3-A791-F926FA1F5D48}"
EndProject
Project("{2150E333-8FDC-42A3-9474-1A3956D46DE8}") = "composite", "composite", "{31EAA242-A482-FB5C-3998-8CCCF30B30D9}"
EndProject
Project("{FAE04EC0-301F-11D3-BF4B-00C04F79EFBC}") = "devgalop.learn.composite", "structural-patterns\composite\devgalop.learn.composite\devgalop.learn.composite.csproj", "{013D1658-3314-48C4-8B57-2470732C3CE2}"
EndProject
Project("{2150E333-8FDC-42A3-9474-1A3956D46DE8}") = "decorator", "decorator", "{40D6627A-DA5D-184F-F392-540A8EDE81FF}"
EndProject
Project("{FAE04EC0-301F-11D3-BF4B-00C04F79EFBC}") = "devgalop.learn.decorator", "structural-patterns\decorator\devgalop.learn.decorator\devgalop.learn.decorator.csproj", "{ABBDD7F5-177E-4289-B265-11FB5B13AEF8}"
EndProject
Project("{2150E333-8FDC-42A3-9474-1A3956D46DE8}") = "facade", "facade", "{5D3E7C5A-8901-D82A-7459-B2EFB6B34462}"
EndProject
Project("{FAE04EC0-301F-11D3-BF4B-00C04F79EFBC}") = "devgalop.learn.facade", "structural-patterns\facade\devgalop.learn.facade\devgalop.learn.facade.csproj", "{4DA7AEB6-F40E-44EC-8B1F-570A60B14F1B}"
EndProject
Global
	GlobalSection(SolutionConfigurationPlatforms) = preSolution
		Debug|Any CPU = Debug|Any CPU
		Debug|x64 = Debug|x64
		Debug|x86 = Debug|x86
		Release|Any CPU = Release|Any CPU
		Release|x64 = Release|x64
		Release|x86 = Release|x86
	EndGlobalSection
	GlobalSection(ProjectConfigurationPlatforms) = postSolution
		{D3875BEC-1BA9-4373-02A1-ADCF8336C391}.Debug|Any CPU.ActiveCfg = Debug|Any CPU
		{D3875BEC-1BA9-4373-02A1-ADCF8336C391}.Debug|Any CPU.Build.0 = Debug|Any CPU
		{D3875BEC-1BA9-4373-02A1-ADCF8336C391}.Debug|x64.ActiveCfg = Debug|Any CPU
		{D3875BEC-1BA9-4373-02A1-ADCF8336C391}.Debug|x64.Build.0 = Debug|Any CPU
		{D3875BEC-1BA9-4373-02A1-ADCF8336C391}.Debug|x86.ActiveCfg = Debug|Any CPU
		{D3875BEC-1BA9-4373-02A1-ADCF8336C391}.Debug|x86.Build.0 = Debug|Any CPU
		{D3875BEC-1BA9-4373-02A1-ADCF8336C391}.Release|Any CPU.ActiveCfg = Release|Any CPU
		{D3875BEC-1BA9-4373-02A1-ADCF8336C391}.Release|Any CPU.Build.0 = Release|Any CPU
		{D3875BEC-1BA9-4373-02A1-ADCF8336C391}.Release|x64.ActiveCfg = Release|Any CPU
		{D3875BEC-1BA9-4373-02A1-ADCF8336C391}.Release|x64.Build.0 = Release|Any CPU
		{D3875BEC-1BA9-4373-02A1-ADCF8336C391}.Release|x86.ActiveCfg = Release|Any CPU
		{D3875BEC-1BA9-4373-02A1-ADCF8336C391}.Release|x86.Build.0 = Release|Any CPU
		{4E5F8559-3E3D-4194-AE94-46BE2A19909E}.Debug|Any CPU.ActiveCfg = Debug|Any CPU
		{4E5F8559-3E3D-4194-AE94-46BE2A19909E}.Debug|Any CPU.Build.0 = Debug|Any CPU
		{4E5F8559-3E3D-4194-AE94-46BE2A19909E}.Debug|x64.ActiveCfg = Debug|Any CPU
		{4E5F8559-3E3D-4194-AE94-46BE2A19909E}.Debug|x64.Build.0 = Debug|Any CPU
		{4E5F8559-3E3D-4194-AE94-46BE2A19909E}.Debug|x86.ActiveCfg = Debug|Any CPU
		{4E5F8559-3E3D-4194-AE94-46BE2A19909E}.Debug|x86.Build.0 = Debug|Any CPU
		{4E5F8559-3E3D-4194-AE94-46BE2A19909E}.Release|Any CPU.ActiveCfg = Release|Any CPU
		{4E5F8559-3E3D-4194-AE94-46BE2A19909E}.Release|Any CPU.Build.0 = Release|Any CPU
		{4E5F8559-3E3D-4194-AE94-46BE2A19909E}.Release|x64.ActiveCfg = Release|Any CPU
		{4E5F8559-3E3D-4194-AE94-46BE2A19909E}.Release|x64.Build.0 = Release|Any CPU
		{4E5F8559-3E3D-4194-AE94-46BE2A19909E}.Release|x86.ActiveCfg = Release|Any CPU
		{4E5F8559-3E3D-4194-AE94-46BE2A19909E}.Release|x86.Build.0 = Release|Any CPU
		{771524B7-8937-4568-852D-BF3508E77DD4}.Debug|Any CPU.ActiveCfg = Debug|Any CPU
		{771524B7-8937-4568-852D-BF3508E77DD4}.Debug|Any CPU.Build.0 = Debug|Any CPU
		{771524B7-8937-4568-852D-BF3508E77DD4}.Debug|x64.ActiveCfg = Debug|Any CPU
		{771524B7-8937-4568-852D-BF3508E77DD4}.Debug|x64.Build.0 = Debug|Any CPU
		{771524B7-8937-4568-852D-BF3508E77DD4}.Debug|x86.ActiveCfg = Debug|Any CPU
		{771524B7-8937-4568-852D-BF3508E77DD4}.Debug|x86.Build.0 = Debug|Any CPU
		{771524B7-8937-4568-852D-BF3508E77DD4}.Release|Any CPU.ActiveCfg = Release|Any CPU
		{771524B7-8937-4568-852D-BF3508E77DD4}.Release|Any CPU.Build.0 = Release|Any CPU
		{771524B7-8937-4568-852D-BF3508E77DD4}.Release|x64.ActiveCfg = Release|Any CPU
		{771524B7-8937-4568-852D-BF3508E77DD4}.Release|x64.Build.0 = Release|Any CPU
		{771524B7-8937-4568-852D-BF3508E77DD4}.Release|x86.ActiveCfg = Release|Any CPU
		{771524B7-8937-4568-852D-BF3508E77DD4}.Release|x86.Build.0 = Release|Any CPU
		{013337CD-B688-42D3-B1A3-8BA7843EAB64}.Debug|Any CPU.ActiveCfg = Debug|Any CPU
		{013337CD-B688-42D3-B1A3-8BA7843EAB64}.Debug|Any CPU.Build.0 = Debug|Any CPU
		{013337CD-B688-42D3-B1A3-8BA7843EAB64}.Debug|x64.ActiveCfg = Debug|Any CPU
		{013337CD-B688-42D3-B1A3-8BA7843EAB64}.Debug|x64.Build.0 = Debug|Any CPU
		{013337CD-B688-42D3-B1A3-8BA7843EAB64}.Debug|x86.ActiveCfg = Debug|Any CPU
		{013337CD-B688-42D3-B1A3-8BA7843EAB64}.Debug|x86.Build.0 = Debug|Any CPU
		{013337CD-B688-42D3-B1A3-8BA7843EAB64}.Release|Any CPU.ActiveCfg = Release|Any CPU
		{013337CD-B688-42D3-B1A3-8BA7843EAB64}.Release|Any CPU.Build.0 = Release|Any CPU
		{013337CD-B688-42D3-B1A3-8BA7843EAB64}.Release|x64.ActiveCfg = Release|Any CPU
		{013337CD-B688-42D3-B1A3-8BA7843EAB64}.Release|x64.Build.0 = Release|Any CPU
		{013337CD-B688-42D3-B1A3-8BA7843EAB64}.Release|x86.ActiveCfg = Release|Any CPU
		{013337CD-B688-42D3-B1A3-8BA7843EAB64}.Release|x86.Build.0 = Release|Any CPU
		{B200BDBC-C2F8-4B72-8675-B6B2416DC876}.Debug|Any CPU.ActiveCfg = Debug|Any CPU
		{B200BDBC-C2F8-4B72-8675-B6B2416DC876}.Debug|Any CPU.Build.0 = Debug|Any CPU
		{B200BDBC-C2F8-4B72-8675-B6B2416DC876}.Debug|x64.ActiveCfg = Debug|Any CPU
		{B200BDBC-C2F8-4B72-8675-B6B2416DC876}.Debug|x64.Build.0 = Debug|Any CPU
		{B200BDBC-C2F8-4B72-8675-B6B2416DC876}.Debug|x86.ActiveCfg = Debug|Any CPU
		{B200BDBC-C2F8-4B72-8675-B6B2416DC876}.Debug|x86.Build.0 = Debug|Any CPU
		{B200BDBC-C2F8-4B72-8675-B6B2416DC876}.Release|Any CPU.ActiveCfg = Release|Any CPU
		{B200BDBC-C2F8-4B72-8675-B6B2416DC876}.Release|Any CPU.Build.0 = Release|Any CPU
		{B200BDBC-C2F8-4B72-8675-B6B2416DC876}.Release|x64.ActiveCfg = Release|Any CPU
		{B200BDBC-C2F8-4B72-8675-B6B2416DC876}.Release|x64.Build.0 = Release|Any CPU
		{B200BDBC-C2F8-4B72-8675-B6B2416DC876}.Release|x86.ActiveCfg = Release|Any CPU
		{B200BDBC-C2F8-4B72-8675-B6B2416DC876}.Release|x86.Build.0 = Release|Any CPU
		{BA0DCA42-076C-4B3D-87AD-8D905A121D55}.Debug|Any CPU.ActiveCfg = Debug|Any CPU
		{BA0DCA42-076C-4B3D-87AD-8D905A121D55}.Debug|Any CPU.Build.0 = Debug|Any CPU
		{BA0DCA42-076C-4B3D-87AD-8D905A121D55}.Debug|x64.ActiveCfg = Debug|Any CPU
		{BA0DCA42-076C-4B3D-87AD-8D905A121D55}.Debug|x64.Build.0 = Debug|Any CPU
		{BA0DCA42-076C-4B3D-87AD-8D905A121D55}.Debug|x86.ActiveCfg = Debug|Any CPU
		{BA0DCA42-076C-4B3D-87AD-8D905A121D55}.Debug|x86.Build.0 = Debug|Any CPU
		{BA0DCA42-076C-4B3D-87AD-8D905A121D55}.Release|Any CPU.ActiveCfg = Release|Any CPU
		{BA0DCA42-076C-4B3D-87AD-8D905A121D55}.Release|Any CPU.Build.0 = Release|Any CPU
		{BA0DCA42-076C-4B3D-87AD-8D905A121D55}.Release|x64.ActiveCfg = Release|Any CPU
		{BA0DCA42-076C-4B3D-87AD-8D905A121D55}.Release|x64.Build.0 = Release|Any CPU
		{BA0DCA42-076C-4B3D-87AD-8D905A121D55}.Release|x86.ActiveCfg = Release|Any CPU
		{BA0DCA42-076C-4B3D-87AD-8D905A121D55}.Release|x86.Build.0 = Release|Any CPU
		{F0973284-2379-45F3-A791-F926FA1F5D48}.Debug|Any CPU.ActiveCfg = Debug|Any CPU
		{F0973284-2379-45F3-A791-F926FA1F5D48}.Debug|Any CPU.Build.0 = Debug|Any CPU
		{F0973284-2379-45F3-A791-F926FA1F5D48}.Debug|x64.ActiveCfg = Debug|Any CPU
		{F0973284-2379-45F3-A791-F926FA1F5D48}.Debug|x64.Build.0 = Debug|Any CPU
		{F0973284-2379-45F3-A791-F926FA1F5D48}.Debug|x86.ActiveCfg = Debug|Any CPU
		{F0973284-2379-45F3-A791-F926FA1F5D48}.Debug|x86.Build.0 = Debug|Any CPU
		{F0973284-2379-45F3-A791-F926FA1F5D48}.Release|Any CPU.ActiveCfg = Release|Any CPU
		{F0973284-2379-45F3-A791-F926FA1F5D48}.Release|Any CPU.Build.0 = Release|Any CPU
		{F0973284-2379-45F3-A791-F926FA1F5D48}.Release|x64.ActiveCfg = Release|Any CPU
		{F0973284-2379-45F3-A791-F926FA1F5D48}.Release|x64.Build.0 = Release|Any CPU
		{F0973284-2379-45F3-A791-F926FA1F5D48}.Release|x86.ActiveCfg = Release|Any CPU
		{F0973284-2379-45F3-A791-F926FA1F5D48}.Release|x86.Build.0 = Release|Any CPU
		{013D1658-3314-48C4-8B57-2470732C3CE2}.Debug|Any CPU.ActiveCfg = Debug|Any CPU
		{013D1658-3314-48C4-8B57-2470732C3CE2}.Debug|Any CPU.Build.0 = Debug|Any CPU
		{013D1658-3314-48C4-8B57-2470732C3CE2}.Debug|x64.ActiveCfg = Debug|Any CPU
		{013D1658-3314-48C4-8B57-2470732C3CE2}.Debug|x64.Build.0 = Debug|Any CPU
		{013D1658-3314-48C4-8B57-2470732C3CE2}.Debug|x86.ActiveCfg = Debug|Any CPU
		{013D1658-3314-48C4-8B57-2470732C3CE2}.Debug|x86.Build.0 = Debug|Any CPU
		{013D1658-3314-48C4-8B57-2470732C3CE2}.Release|Any CPU.ActiveCfg = Release|Any CPU
		{013D1658-3314-48C4-8B57-2470732C3CE2}.Release|Any CPU.Build.0 = Release|Any CPU
		{013D1658-3314-48C4-8B57-2470732C3CE2}.Release|x64.ActiveCfg = Release|Any CPU
		{013D1658-3314-48C4-8B57-2470732C3CE2}.Release|x64.Build.0 = Release|Any CPU
		{013D1658-3314-48C4-8B57-2470732C3CE2}.Release|x86.ActiveCfg = Release|Any CPU
		{013D1658-3314-48C4-8B57-2470732C3CE2}.Release|x86.Build.0 = Release|Any CPU
		{ABBDD7F5-177E-4289-B265-11FB5B13AEF8}.Debug|Any CPU.ActiveCfg = Debug|Any CPU
		{ABBDD7F5-177E-4289-B265-11FB5B13AEF8}.Debug|Any CPU.Build.0 = Debug|Any CPU
		{ABBDD7F5-177E-4289-B265-11FB5B13AEF8}.Debug|x64.ActiveCfg = Debug|Any CPU
		{ABBDD7F5-177E-4289-B265-11FB5B13AEF8}.Debug|x64.Build.0 = Debug|Any CPU
		{ABBDD7F5-177E-4289-B265-11FB5B13AEF8}.Debug|x86.ActiveCfg = Debug|Any CPU
		{ABBDD7F5-177E-4289-B265-11FB5B13AEF8}.Debug|x86.Build.0 = Debug|Any CPU
		{ABBDD7F5-177E-4289-B265-11FB5B13AEF8}.Release|Any CPU.ActiveCfg = Release|Any CPU
		{ABBDD7F5-177E-4289-B265-11FB5B13AEF8}.Release|Any CPU.Build.0 = Release|Any CPU
		{ABBDD7F5-177E-4289-B265-11FB5B13AEF8}.Release|x64.ActiveCfg = Release|Any CPU
		{ABBDD7F5-177E-4289-B265-11FB5B13AEF8}.Release|x64.Build.0 = Release|Any CPU
		{ABBDD7F5-177E-4289-B265-11FB5B13AEF8}.Release|x86.ActiveCfg = Release|Any CPU
		{ABBDD7F5-177E-4289-B265-11FB5B13AEF8}.Release|x86.Build.0 = Release|Any CPU
		{4DA7AEB6-F40E-44EC-8B1F-570A60B14F1B}.Debug|Any CPU.ActiveCfg = Debug|Any CPU
		{4DA7AEB6-F40E-44EC-8B1F-570A60B14F1B}.Debug|Any CPU.Build.0 = Debug|Any CPU
		{4DA7AEB6-F40E-44EC-8B1F-570A60B14F1B}.Debug|x64.ActiveCfg = Debug|Any CPU
		{4DA7AEB6-F40E-44EC-8B1F-570A60B14F1B}.Debug|x64.Build.0 = Debug|Any CPU
		{4DA7AEB6-F40E-44EC-8B1F-570A60B14F1B}.Debug|x86.ActiveCfg = Debug|Any CPU
		{4DA7AEB6-F40E-44EC-8B1F-570A60B14F1B}.Debug|x86.Build.0 = Debug|Any CPU
		{4DA7AEB6-F40E-44EC-8B1F-570A60B14F1B}.Release|Any CPU.ActiveCfg = Release|Any CPU
		{4DA7AEB6-F40E-44EC-8B1F-570A60B14F1B}.Release|Any CPU.Build.0 = Release|Any CPU
		{4DA7AEB6-F40E-44EC-8B1F-570A60B14F1B}.Release|x64.ActiveCfg = Release|Any CPU
		{4DA7AEB6-F40E-44EC-8B1F-570A60B14F1B}.Release|x64.Build.0 = Release|Any CPU
		{4DA7AEB6-F40E-44EC-8B1F-570A60B14F1B}.Release|x86.ActiveCfg = Release|Any CPU
		{4DA7AEB6-F40E-44EC-8B1F-570A60B14F1B}.Release|x86.Build.0 = Release|Any CPU
	EndGlobalSection
	GlobalSection(SolutionProperties) = preSolution
		HideSolutionNode = FALSE
	EndGlobalSection
	GlobalSection(NestedProjects) = preSolution
		{977633D4-A1D5-87AC-4F5E-04215F2D0241} = {E5E4D9DF-0D01-6AF5-4E15-DDB8A6827B28}
		{D3875BEC-1BA9-4373-02A1-ADCF8336C391} = {977633D4-A1D5-87AC-4F5E-04215F2D0241}
		{83ED83A7-C6E8-462E-8917-915B7D09C1B1} = {E5E4D9DF-0D01-6AF5-4E15-DDB8A6827B28}
		{4E5F8559-3E3D-4194-AE94-46BE2A19909E} = {83ED83A7-C6E8-462E-8917-915B7D09C1B1}
		{B9331917-BD4A-4B36-A423-E59F8A2B3024} = {E5E4D9DF-0D01-6AF5-4E15-DDB8A6827B28}
		{771524B7-8937-4568-852D-BF3508E77DD4} = {B9331917-BD4A-4B36-A423-E59F8A2B3024}
		{EFE0943A-49B5-4BA1-B10D-CA4065383102} = {E5E4D9DF-0D01-6AF5-4E15-DDB8A6827B28}
		{013337CD-B688-42D3-B1A3-8BA7843EAB64} = {EFE0943A-49B5-4BA1-B10D-CA4065383102}
		{EE9D30CD-250E-4461-921C-18FC0518655E} = {E5E4D9DF-0D01-6AF5-4E15-DDB8A6827B28}
		{B200BDBC-C2F8-4B72-8675-B6B2416DC876} = {EE9D30CD-250E-4461-921C-18FC0518655E}
		{4D4019AB-B8AE-9330-A857-1757285D1838} = {5767C41E-96DA-89DA-C36E-EBA2D0756C57}
		{BA0DCA42-076C-4B3D-87AD-8D905A121D55} = {4D4019AB-B8AE-9330-A857-1757285D1838}
		{B94D0A3D-2423-699C-DFDD-FC344948394E} = {5767C41E-96DA-89DA-C36E-EBA2D0756C57}
		{F0973284-2379-45F3-A791-F926FA1F5D48} = {B94D0A3D-2423-699C-DFDD-FC344948394E}
		{31EAA242-A482-FB5C-3998-8CCCF30B30D9} = {5767C41E-96DA-89DA-C36E-EBA2D0756C57}
		{013D1658-3314-48C4-8B57-2470732C3CE2} = {31EAA242-A482-FB5C-3998-8CCCF30B30D9}
		{40D6627A-DA5D-184F-F392-540A8EDE81FF} = {5767C41E-96DA-89DA-C36E-EBA2D0756C57}
		{ABBDD7F5-177E-4289-B265-11FB5B13AEF8} = {40D6627A-DA5D-184F-F392-540A8EDE81FF}
		{5D3E7C5A-8901-D82A-7459-B2EFB6B34462} = {5767C41E-96DA-89DA-C36E-EBA2D0756C57}
		{4DA7AEB6-F40E-44EC-8B1F-570A60B14F1B} = {5D3E7C5A-8901-D82A-7459-B2EFB6B34462}
	EndGlobalSection
	GlobalSection(ExtensibilityGlobals) = postSolution
		SolutionGuid = {F135A4D0-90D6-47BA-B8D8-D5750660F631}
	EndGlobalSection
EndGlobal
